
Microsoft Visual Studio Solution File, Format Version 12.00
# Visual Studio Version 16
VisualStudioVersion = 16.0.31112.23
MinimumVisualStudioVersion = 10.0.40219.1
Project("{2150E333-8FDC-42A3-9474-1A3956D46DE8}") = "Stack", "Stack", "{44BAA550-73CB-4AEF-8917-9FC269036851}"
EndProject
Project("{FAE04EC0-301F-11D3-BF4B-00C04F79EFBC}") = "Stack", "Stack\Stack\Stack.csproj", "{6DBC9B94-0B83-4F31-BE3A-141ECDC630EF}"
EndProject
Project("{FAE04EC0-301F-11D3-BF4B-00C04F79EFBC}") = "Stack.Tests", "Stack\Stack.Tests\Stack.Tests.csproj", "{CC0913B9-D31E-4652-9292-BF36FBFE665A}"
EndProject
Global
	GlobalSection(SolutionConfigurationPlatforms) = preSolution
		Debug|Any CPU = Debug|Any CPU
		Release|Any CPU = Release|Any CPU
	EndGlobalSection
	GlobalSection(ProjectConfigurationPlatforms) = postSolution
		{6DBC9B94-0B83-4F31-BE3A-141ECDC630EF}.Debug|Any CPU.ActiveCfg = Debug|Any CPU
		{6DBC9B94-0B83-4F31-BE3A-141ECDC630EF}.Debug|Any CPU.Build.0 = Debug|Any CPU
		{6DBC9B94-0B83-4F31-BE3A-141ECDC630EF}.Release|Any CPU.ActiveCfg = Release|Any CPU
		{6DBC9B94-0B83-4F31-BE3A-141ECDC630EF}.Release|Any CPU.Build.0 = Release|Any CPU
		{CC0913B9-D31E-4652-9292-BF36FBFE665A}.Debug|Any CPU.ActiveCfg = Debug|Any CPU
		{CC0913B9-D31E-4652-9292-BF36FBFE665A}.Debug|Any CPU.Build.0 = Debug|Any CPU
		{CC0913B9-D31E-4652-9292-BF36FBFE665A}.Release|Any CPU.ActiveCfg = Release|Any CPU
		{CC0913B9-D31E-4652-9292-BF36FBFE665A}.Release|Any CPU.Build.0 = Release|Any CPU
	EndGlobalSection
	GlobalSection(SolutionProperties) = preSolution
		HideSolutionNode = FALSE
	EndGlobalSection
	GlobalSection(NestedProjects) = preSolution
		{6DBC9B94-0B83-4F31-BE3A-141ECDC630EF} = {44BAA550-73CB-4AEF-8917-9FC269036851}
		{CC0913B9-D31E-4652-9292-BF36FBFE665A} = {44BAA550-73CB-4AEF-8917-9FC269036851}
	EndGlobalSection
	GlobalSection(ExtensibilityGlobals) = postSolution
		SolutionGuid = {A0C37BA1-A10B-489C-9F07-1CDF5D8F47B7}
	EndGlobalSection
EndGlobal
